
Microsoft Visual Studio Solution File, Format Version 12.00
# Visual Studio 15
VisualStudioVersion = 15.0.28010.2003
MinimumVisualStudioVersion = 10.0.40219.1
Project("{FAE04EC0-301F-11D3-BF4B-00C04F79EFBC}") = "MaPremiereApplication", "MaPremiereApplication\MaPremiereApplication.csproj", "{A181CD99-97E9-4044-A556-56454E536FE7}"
EndProject
Global
	GlobalSection(SolutionConfigurationPlatforms) = preSolution
		Debug|Any CPU = Debug|Any CPU
		Release|Any CPU = Release|Any CPU
	EndGlobalSection
	GlobalSection(ProjectConfigurationPlatforms) = postSolution
		{A181CD99-97E9-4044-A556-56454E536FE7}.Debug|Any CPU.ActiveCfg = Debug|Any CPU
		{A181CD99-97E9-4044-A556-56454E536FE7}.Debug|Any CPU.Build.0 = Debug|Any CPU
		{A181CD99-97E9-4044-A556-56454E536FE7}.Release|Any CPU.ActiveCfg = Release|Any CPU
		{A181CD99-97E9-4044-A556-56454E536FE7}.Release|Any CPU.Build.0 = Release|Any CPU
	EndGlobalSection
	GlobalSection(SolutionProperties) = preSolution
		HideSolutionNode = FALSE
	EndGlobalSection
	GlobalSection(ExtensibilityGlobals) = postSolution
		SolutionGuid = {E5B580E3-46BA-4AF8-9695-DA9563DB78C7}
	EndGlobalSection
EndGlobal
